# THIS IS AN AUTOGENERATED FILE. DO NOT EDIT THIS FILE DIRECTLY.
# yarn lockfile v1


"@emailjs/browser@^4.3.3":
  version "4.3.3"
  resolved "https://registry.yarnpkg.com/@emailjs/browser/-/browser-4.3.3.tgz#edf759fc68f1628d7192bed689b1bb0651890f57"
  integrity sha512-ltpt2S/WVREIBXptxYAVYBvXb2O6yTUYiRUWF8OLikMxlmiGsIgKpgHppikNd4Df0uAav7jCsQKcOJ3TJFUx5g==
